
Microsoft Visual Studio Solution File, Format Version 12.00
# Visual Studio 2013
VisualStudioVersion = 12.0.21005.1
MinimumVisualStudioVersion = 10.0.40219.1
Project("{FAE04EC0-301F-11D3-BF4B-00C04F79EFBC}") = "EulerBusiness", "EulerBusiness\EulerBusiness.csproj", "{FE19D7AE-A3D2-4EEC-BAC6-149BDC205EC3}"
EndProject
Project("{FAE04EC0-301F-11D3-BF4B-00C04F79EFBC}") = "Problem11.UI.ConsoleApplication", "Problem11.UI.ConsoleApplication\Problem11.UI.ConsoleApplication.csproj", "{09518DA7-72AE-44E5-955F-852B6B34E2AB}"
EndProject
Project("{FAE04EC0-301F-11D3-BF4B-00C04F79EFBC}") = "Problem11.UI.WindowsFormsApplication", "Problem11.UI.WindowsFormsApplication\Problem11.UI.WindowsFormsApplication.csproj", "{0C7C0840-AA62-4152-9A87-8FFC83C9D5C2}"
EndProject
Project("{FAE04EC0-301F-11D3-BF4B-00C04F79EFBC}") = "Problem11.UI.WebApplicationMVC", "Problem11.UI.WebApplicationMVC\Problem11.UI.WebApplicationMVC.csproj", "{89D9EF02-1ADF-4155-8CFC-62FB5E4D6C5F}"
EndProject
Global
	GlobalSection(SolutionConfigurationPlatforms) = preSolution
		Debug|Any CPU = Debug|Any CPU
		Release|Any CPU = Release|Any CPU
	EndGlobalSection
	GlobalSection(ProjectConfigurationPlatforms) = postSolution
		{FE19D7AE-A3D2-4EEC-BAC6-149BDC205EC3}.Debug|Any CPU.ActiveCfg = Debug|Any CPU
		{FE19D7AE-A3D2-4EEC-BAC6-149BDC205EC3}.Debug|Any CPU.Build.0 = Debug|Any CPU
		{FE19D7AE-A3D2-4EEC-BAC6-149BDC205EC3}.Release|Any CPU.ActiveCfg = Release|Any CPU
		{FE19D7AE-A3D2-4EEC-BAC6-149BDC205EC3}.Release|Any CPU.Build.0 = Release|Any CPU
		{09518DA7-72AE-44E5-955F-852B6B34E2AB}.Debug|Any CPU.ActiveCfg = Debug|Any CPU
		{09518DA7-72AE-44E5-955F-852B6B34E2AB}.Debug|Any CPU.Build.0 = Debug|Any CPU
		{09518DA7-72AE-44E5-955F-852B6B34E2AB}.Release|Any CPU.ActiveCfg = Release|Any CPU
		{09518DA7-72AE-44E5-955F-852B6B34E2AB}.Release|Any CPU.Build.0 = Release|Any CPU
		{0C7C0840-AA62-4152-9A87-8FFC83C9D5C2}.Debug|Any CPU.ActiveCfg = Debug|Any CPU
		{0C7C0840-AA62-4152-9A87-8FFC83C9D5C2}.Debug|Any CPU.Build.0 = Debug|Any CPU
		{0C7C0840-AA62-4152-9A87-8FFC83C9D5C2}.Release|Any CPU.ActiveCfg = Release|Any CPU
		{0C7C0840-AA62-4152-9A87-8FFC83C9D5C2}.Release|Any CPU.Build.0 = Release|Any CPU
		{89D9EF02-1ADF-4155-8CFC-62FB5E4D6C5F}.Debug|Any CPU.ActiveCfg = Debug|Any CPU
		{89D9EF02-1ADF-4155-8CFC-62FB5E4D6C5F}.Debug|Any CPU.Build.0 = Debug|Any CPU
		{89D9EF02-1ADF-4155-8CFC-62FB5E4D6C5F}.Release|Any CPU.ActiveCfg = Release|Any CPU
		{89D9EF02-1ADF-4155-8CFC-62FB5E4D6C5F}.Release|Any CPU.Build.0 = Release|Any CPU
	EndGlobalSection
	GlobalSection(SolutionProperties) = preSolution
		HideSolutionNode = FALSE
	EndGlobalSection
EndGlobal
